
Microsoft Visual Studio Solution File, Format Version 12.00
# Visual Studio Version 17
VisualStudioVersion = 17.1.32421.90
MinimumVisualStudioVersion = 10.0.40219.1
Project("{2150E333-8FDC-42A3-9474-1A3956D46DE8}") = "Consumer", "Consumer", "{BC7ED310-0FA4-474F-AED8-919272F9C5BC}"
EndProject
Project("{2150E333-8FDC-42A3-9474-1A3956D46DE8}") = "Producer", "Producer", "{9D3E350B-AD00-45B4-853B-AEE6D9C432EE}"
EndProject
Project("{FAE04EC0-301F-11D3-BF4B-00C04F79EFBC}") = "Producer", "Producer\Producer.csproj", "{54337CC0-ED27-45F1-BBE1-B27B6BCFBA8A}"
EndProject
Project("{2150E333-8FDC-42A3-9474-1A3956D46DE8}") = "Solution Items", "Solution Items", "{7A10835A-F1A1-41D8-B12D-B13BD6459969}"
	ProjectSection(SolutionItems) = preProject
		.editorconfig = .editorconfig
		docker-compose.yml = docker-compose.yml
	EndProjectSection
EndProject
Project("{FAE04EC0-301F-11D3-BF4B-00C04F79EFBC}") = "Consumer", "Consumer\Consumer.csproj", "{DB403C37-5C4F-4BBE-A1A5-6F2596545662}"
EndProject
Global
	GlobalSection(SolutionConfigurationPlatforms) = preSolution
		Debug|Any CPU = Debug|Any CPU
		Release|Any CPU = Release|Any CPU
	EndGlobalSection
	GlobalSection(ProjectConfigurationPlatforms) = postSolution
		{54337CC0-ED27-45F1-BBE1-B27B6BCFBA8A}.Debug|Any CPU.ActiveCfg = Debug|Any CPU
		{54337CC0-ED27-45F1-BBE1-B27B6BCFBA8A}.Debug|Any CPU.Build.0 = Debug|Any CPU
		{54337CC0-ED27-45F1-BBE1-B27B6BCFBA8A}.Release|Any CPU.ActiveCfg = Release|Any CPU
		{54337CC0-ED27-45F1-BBE1-B27B6BCFBA8A}.Release|Any CPU.Build.0 = Release|Any CPU
		{DB403C37-5C4F-4BBE-A1A5-6F2596545662}.Debug|Any CPU.ActiveCfg = Debug|Any CPU
		{DB403C37-5C4F-4BBE-A1A5-6F2596545662}.Debug|Any CPU.Build.0 = Debug|Any CPU
		{DB403C37-5C4F-4BBE-A1A5-6F2596545662}.Release|Any CPU.ActiveCfg = Release|Any CPU
		{DB403C37-5C4F-4BBE-A1A5-6F2596545662}.Release|Any CPU.Build.0 = Release|Any CPU
	EndGlobalSection
	GlobalSection(SolutionProperties) = preSolution
		HideSolutionNode = FALSE
	EndGlobalSection
	GlobalSection(NestedProjects) = preSolution
		{54337CC0-ED27-45F1-BBE1-B27B6BCFBA8A} = {9D3E350B-AD00-45B4-853B-AEE6D9C432EE}
		{DB403C37-5C4F-4BBE-A1A5-6F2596545662} = {BC7ED310-0FA4-474F-AED8-919272F9C5BC}
	EndGlobalSection
	GlobalSection(ExtensibilityGlobals) = postSolution
		SolutionGuid = {8157B957-010B-4719-9CE1-E0EAD628D6D3}
	EndGlobalSection
EndGlobal
